
Microsoft Visual Studio Solution File, Format Version 12.00
# Visual Studio 15
Project("{FAE04EC0-301F-11D3-BF4B-00C04F79EFBC}") = "Assembly-CSharp", "Assembly-CSharp.csproj", "{1ADA3F92-994F-FE0E-B05B-67AD174C5B8E}"
EndProject
Project("{FAE04EC0-301F-11D3-BF4B-00C04F79EFBC}") = "Assembly-CSharp-Editor", "Assembly-CSharp-Editor.csproj", "{0C8F6DE3-9FE8-1352-DA35-CCE455A33573}"
EndProject
Global
	GlobalSection(SolutionConfigurationPlatforms) = preSolution
		Debug|Any CPU = Debug|Any CPU
		Release|Any CPU = Release|Any CPU
	EndGlobalSection
	GlobalSection(ProjectConfigurationPlatforms) = postSolution
		{1ADA3F92-994F-FE0E-B05B-67AD174C5B8E}.Debug|Any CPU.ActiveCfg = Debug|Any CPU
		{1ADA3F92-994F-FE0E-B05B-67AD174C5B8E}.Debug|Any CPU.Build.0 = Debug|Any CPU
		{1ADA3F92-994F-FE0E-B05B-67AD174C5B8E}.Release|Any CPU.ActiveCfg = Release|Any CPU
		{1ADA3F92-994F-FE0E-B05B-67AD174C5B8E}.Release|Any CPU.Build.0 = Release|Any CPU
		{0C8F6DE3-9FE8-1352-DA35-CCE455A33573}.Debug|Any CPU.ActiveCfg = Debug|Any CPU
		{0C8F6DE3-9FE8-1352-DA35-CCE455A33573}.Debug|Any CPU.Build.0 = Debug|Any CPU
		{0C8F6DE3-9FE8-1352-DA35-CCE455A33573}.Release|Any CPU.ActiveCfg = Release|Any CPU
		{0C8F6DE3-9FE8-1352-DA35-CCE455A33573}.Release|Any CPU.Build.0 = Release|Any CPU
	EndGlobalSection
	GlobalSection(SolutionProperties) = preSolution
		HideSolutionNode = FALSE
	EndGlobalSection
EndGlobal
